
Microsoft Visual Studio Solution File, Format Version 12.00
# Visual Studio Version 16
VisualStudioVersion = 16.0.31424.327
MinimumVisualStudioVersion = 10.0.40219.1
Project("{FAE04EC0-301F-11D3-BF4B-00C04F79EFBC}") = "BookReviewHostApp", "BookReviewHostApp\BookReviewHostApp.csproj", "{8DCCD1A0-E807-432D-A642-3B1E0D4E5E6A}"
EndProject
Global
	GlobalSection(SolutionConfigurationPlatforms) = preSolution
		Debug|Any CPU = Debug|Any CPU
		Release|Any CPU = Release|Any CPU
	EndGlobalSection
	GlobalSection(ProjectConfigurationPlatforms) = postSolution
		{8DCCD1A0-E807-432D-A642-3B1E0D4E5E6A}.Debug|Any CPU.ActiveCfg = Debug|Any CPU
		{8DCCD1A0-E807-432D-A642-3B1E0D4E5E6A}.Debug|Any CPU.Build.0 = Debug|Any CPU
		{8DCCD1A0-E807-432D-A642-3B1E0D4E5E6A}.Release|Any CPU.ActiveCfg = Release|Any CPU
		{8DCCD1A0-E807-432D-A642-3B1E0D4E5E6A}.Release|Any CPU.Build.0 = Release|Any CPU
	EndGlobalSection
	GlobalSection(SolutionProperties) = preSolution
		HideSolutionNode = FALSE
	EndGlobalSection
	GlobalSection(ExtensibilityGlobals) = postSolution
		SolutionGuid = {5E5F6C6B-E403-4EA7-9745-7985E39FF74F}
	EndGlobalSection
EndGlobal
